
Microsoft Visual Studio Solution File, Format Version 12.00
# Visual Studio Version 17
VisualStudioVersion = 17.0.31903.59
MinimumVisualStudioVersion = 10.0.40219.1
Project("{2150E333-8FDC-42A3-9474-1A3956D46DE8}") = "src", "src", "{827E0CD3-B72D-47B6-A68D-7590B98EB39B}"
EndProject
Project("{2150E333-8FDC-42A3-9474-1A3956D46DE8}") = "Frontend", "Frontend", "{42299874-777B-F2D0-9D08-D24097ABCE7E}"
EndProject
Project("{2150E333-8FDC-42A3-9474-1A3956D46DE8}") = "Patient", "Patient", "{B909240E-54CE-5A78-9426-B49981DB29AD}"
EndProject
Project("{FAE04EC0-301F-11D3-BF4B-00C04F79EFBC}") = "LandaDoc.Patient", "src\Frontend\Patient\LandaDoc.Patient.csproj", "{9A363489-39D8-4690-87AC-0469A24298A9}"
EndProject
Project("{FAE04EC0-301F-11D3-BF4B-00C04F79EFBC}") = "LandaDoc.Doctor", "src\Frontend\Doctor\LandaDoc.Doctor.csproj", "{C2E1A0E3-BF24-478D-8ACF-A72589763927}"
EndProject
Project("{FAE04EC0-301F-11D3-BF4B-00C04F79EFBC}") = "LandaDoc.AdminApp", "src\Frontend\Admin\LandaDoc.AdminApp.csproj", "{D918C29A-7171-4D3E-9BB2-02E084BB2C26}"
EndProject
Project("{FAE04EC0-301F-11D3-BF4B-00C04F79EFBC}") = "LandaDoc.Frontend.Shared", "src\Frontend\LandaDoc.Frontend.Shared\LandaDoc.Frontend.Shared.csproj", "{EB983B6A-575B-4BBC-BEE6-CEC6B41F2E9B}"
EndProject
Project("{FAE04EC0-301F-11D3-BF4B-00C04F79EFBC}") = "LandaDoc.Shared", "src\LandaDoc.Shared\LandaDoc.Shared.csproj", "{3AB1EC26-8EC3-4488-9936-5CCA1B413B65}"
EndProject
Global
	GlobalSection(SolutionConfigurationPlatforms) = preSolution
		Debug|Any CPU = Debug|Any CPU
		Debug|x64 = Debug|x64
		Debug|x86 = Debug|x86
		Release|Any CPU = Release|Any CPU
		Release|x64 = Release|x64
		Release|x86 = Release|x86
	EndGlobalSection
	GlobalSection(ProjectConfigurationPlatforms) = postSolution
		{9A363489-39D8-4690-87AC-0469A24298A9}.Debug|Any CPU.ActiveCfg = Debug|Any CPU
		{9A363489-39D8-4690-87AC-0469A24298A9}.Debug|Any CPU.Build.0 = Debug|Any CPU
		{9A363489-39D8-4690-87AC-0469A24298A9}.Debug|x64.ActiveCfg = Debug|Any CPU
		{9A363489-39D8-4690-87AC-0469A24298A9}.Debug|x64.Build.0 = Debug|Any CPU
		{9A363489-39D8-4690-87AC-0469A24298A9}.Debug|x86.ActiveCfg = Debug|Any CPU
		{9A363489-39D8-4690-87AC-0469A24298A9}.Debug|x86.Build.0 = Debug|Any CPU
		{9A363489-39D8-4690-87AC-0469A24298A9}.Release|Any CPU.ActiveCfg = Release|Any CPU
		{9A363489-39D8-4690-87AC-0469A24298A9}.Release|Any CPU.Build.0 = Release|Any CPU
		{9A363489-39D8-4690-87AC-0469A24298A9}.Release|x64.ActiveCfg = Release|Any CPU
		{9A363489-39D8-4690-87AC-0469A24298A9}.Release|x64.Build.0 = Release|Any CPU
		{9A363489-39D8-4690-87AC-0469A24298A9}.Release|x86.ActiveCfg = Release|Any CPU
		{9A363489-39D8-4690-87AC-0469A24298A9}.Release|x86.Build.0 = Release|Any CPU
		{C2E1A0E3-BF24-478D-8ACF-A72589763927}.Debug|Any CPU.ActiveCfg = Debug|Any CPU
		{C2E1A0E3-BF24-478D-8ACF-A72589763927}.Debug|Any CPU.Build.0 = Debug|Any CPU
		{C2E1A0E3-BF24-478D-8ACF-A72589763927}.Debug|x64.ActiveCfg = Debug|Any CPU
		{C2E1A0E3-BF24-478D-8ACF-A72589763927}.Debug|x64.Build.0 = Debug|Any CPU
		{C2E1A0E3-BF24-478D-8ACF-A72589763927}.Debug|x86.ActiveCfg = Debug|Any CPU
		{C2E1A0E3-BF24-478D-8ACF-A72589763927}.Debug|x86.Build.0 = Debug|Any CPU
		{C2E1A0E3-BF24-478D-8ACF-A72589763927}.Release|Any CPU.ActiveCfg = Release|Any CPU
		{C2E1A0E3-BF24-478D-8ACF-A72589763927}.Release|Any CPU.Build.0 = Release|Any CPU
		{C2E1A0E3-BF24-478D-8ACF-A72589763927}.Release|x64.ActiveCfg = Release|Any CPU
		{C2E1A0E3-BF24-478D-8ACF-A72589763927}.Release|x64.Build.0 = Release|Any CPU
		{C2E1A0E3-BF24-478D-8ACF-A72589763927}.Release|x86.ActiveCfg = Release|Any CPU
		{C2E1A0E3-BF24-478D-8ACF-A72589763927}.Release|x86.Build.0 = Release|Any CPU
		{D918C29A-7171-4D3E-9BB2-02E084BB2C26}.Debug|Any CPU.ActiveCfg = Debug|Any CPU
		{D918C29A-7171-4D3E-9BB2-02E084BB2C26}.Debug|Any CPU.Build.0 = Debug|Any CPU
		{D918C29A-7171-4D3E-9BB2-02E084BB2C26}.Debug|x64.ActiveCfg = Debug|Any CPU
		{D918C29A-7171-4D3E-9BB2-02E084BB2C26}.Debug|x64.Build.0 = Debug|Any CPU
		{D918C29A-7171-4D3E-9BB2-02E084BB2C26}.Debug|x86.ActiveCfg = Debug|Any CPU
		{D918C29A-7171-4D3E-9BB2-02E084BB2C26}.Debug|x86.Build.0 = Debug|Any CPU
		{D918C29A-7171-4D3E-9BB2-02E084BB2C26}.Release|Any CPU.ActiveCfg = Release|Any CPU
		{D918C29A-7171-4D3E-9BB2-02E084BB2C26}.Release|Any CPU.Build.0 = Release|Any CPU
		{D918C29A-7171-4D3E-9BB2-02E084BB2C26}.Release|x64.ActiveCfg = Release|Any CPU
		{D918C29A-7171-4D3E-9BB2-02E084BB2C26}.Release|x64.Build.0 = Release|Any CPU
		{D918C29A-7171-4D3E-9BB2-02E084BB2C26}.Release|x86.ActiveCfg = Release|Any CPU
		{D918C29A-7171-4D3E-9BB2-02E084BB2C26}.Release|x86.Build.0 = Release|Any CPU
		{EB983B6A-575B-4BBC-BEE6-CEC6B41F2E9B}.Debug|Any CPU.ActiveCfg = Debug|Any CPU
		{EB983B6A-575B-4BBC-BEE6-CEC6B41F2E9B}.Debug|Any CPU.Build.0 = Debug|Any CPU
		{EB983B6A-575B-4BBC-BEE6-CEC6B41F2E9B}.Debug|x64.ActiveCfg = Debug|Any CPU
		{EB983B6A-575B-4BBC-BEE6-CEC6B41F2E9B}.Debug|x64.Build.0 = Debug|Any CPU
		{EB983B6A-575B-4BBC-BEE6-CEC6B41F2E9B}.Debug|x86.ActiveCfg = Debug|Any CPU
		{EB983B6A-575B-4BBC-BEE6-CEC6B41F2E9B}.Debug|x86.Build.0 = Debug|Any CPU
		{EB983B6A-575B-4BBC-BEE6-CEC6B41F2E9B}.Release|Any CPU.ActiveCfg = Release|Any CPU
		{EB983B6A-575B-4BBC-BEE6-CEC6B41F2E9B}.Release|Any CPU.Build.0 = Release|Any CPU
		{EB983B6A-575B-4BBC-BEE6-CEC6B41F2E9B}.Release|x64.ActiveCfg = Release|Any CPU
		{EB983B6A-575B-4BBC-BEE6-CEC6B41F2E9B}.Release|x64.Build.0 = Release|Any CPU
		{EB983B6A-575B-4BBC-BEE6-CEC6B41F2E9B}.Release|x86.ActiveCfg = Release|Any CPU
		{EB983B6A-575B-4BBC-BEE6-CEC6B41F2E9B}.Release|x86.Build.0 = Release|Any CPU
		{3AB1EC26-8EC3-4488-9936-5CCA1B413B65}.Debug|Any CPU.ActiveCfg = Debug|Any CPU
		{3AB1EC26-8EC3-4488-9936-5CCA1B413B65}.Debug|Any CPU.Build.0 = Debug|Any CPU
		{3AB1EC26-8EC3-4488-9936-5CCA1B413B65}.Debug|x64.ActiveCfg = Debug|Any CPU
		{3AB1EC26-8EC3-4488-9936-5CCA1B413B65}.Debug|x64.Build.0 = Debug|Any CPU
		{3AB1EC26-8EC3-4488-9936-5CCA1B413B65}.Debug|x86.ActiveCfg = Debug|Any CPU
		{3AB1EC26-8EC3-4488-9936-5CCA1B413B65}.Debug|x86.Build.0 = Debug|Any CPU
		{3AB1EC26-8EC3-4488-9936-5CCA1B413B65}.Release|Any CPU.ActiveCfg = Release|Any CPU
		{3AB1EC26-8EC3-4488-9936-5CCA1B413B65}.Release|Any CPU.Build.0 = Release|Any CPU
		{3AB1EC26-8EC3-4488-9936-5CCA1B413B65}.Release|x64.ActiveCfg = Release|Any CPU
		{3AB1EC26-8EC3-4488-9936-5CCA1B413B65}.Release|x64.Build.0 = Release|Any CPU
		{3AB1EC26-8EC3-4488-9936-5CCA1B413B65}.Release|x86.ActiveCfg = Release|Any CPU
		{3AB1EC26-8EC3-4488-9936-5CCA1B413B65}.Release|x86.Build.0 = Release|Any CPU
	EndGlobalSection
	GlobalSection(SolutionProperties) = preSolution
		HideSolutionNode = FALSE
	EndGlobalSection
	GlobalSection(NestedProjects) = preSolution
		{42299874-777B-F2D0-9D08-D24097ABCE7E} = {827E0CD3-B72D-47B6-A68D-7590B98EB39B}
		{B909240E-54CE-5A78-9426-B49981DB29AD} = {42299874-777B-F2D0-9D08-D24097ABCE7E}
		{9A363489-39D8-4690-87AC-0469A24298A9} = {B909240E-54CE-5A78-9426-B49981DB29AD}
		{C2E1A0E3-BF24-478D-8ACF-A72589763927} = {B909240E-54CE-5A78-9426-B49981DB29AD}
		{D918C29A-7171-4D3E-9BB2-02E084BB2C26} = {B909240E-54CE-5A78-9426-B49981DB29AD}
		{EB983B6A-575B-4BBC-BEE6-CEC6B41F2E9B} = {B909240E-54CE-5A78-9426-B49981DB29AD}
		{3AB1EC26-8EC3-4488-9936-5CCA1B413B65} = {B909240E-54CE-5A78-9426-B49981DB29AD}
	EndGlobalSection
EndGlobal
